
Microsoft Visual Studio Solution File, Format Version 12.00
# Visual Studio Version 17
VisualStudioVersion = 17.9.34622.214
MinimumVisualStudioVersion = 10.0.40219.1
Project("{FAE04EC0-301F-11D3-BF4B-00C04F79EFBC}") = "Diamond21", "Diamond21\Diamond21.csproj", "{A45629F9-B483-4D35-B93D-74F737C77514}"
EndProject
Global
	GlobalSection(SolutionConfigurationPlatforms) = preSolution
		Debug|Any CPU = Debug|Any CPU
		Release|Any CPU = Release|Any CPU
	EndGlobalSection
	GlobalSection(ProjectConfigurationPlatforms) = postSolution
		{A45629F9-B483-4D35-B93D-74F737C77514}.Debug|Any CPU.ActiveCfg = Debug|Any CPU
		{A45629F9-B483-4D35-B93D-74F737C77514}.Debug|Any CPU.Build.0 = Debug|Any CPU
		{A45629F9-B483-4D35-B93D-74F737C77514}.Release|Any CPU.ActiveCfg = Release|Any CPU
		{A45629F9-B483-4D35-B93D-74F737C77514}.Release|Any CPU.Build.0 = Release|Any CPU
	EndGlobalSection
	GlobalSection(SolutionProperties) = preSolution
		HideSolutionNode = FALSE
	EndGlobalSection
	GlobalSection(ExtensibilityGlobals) = postSolution
		SolutionGuid = {B3FF3B26-BBCE-444E-BF62-4F5C053A69D2}
	EndGlobalSection
EndGlobal
